
Microsoft Visual Studio Solution File, Format Version 12.00
# Visual Studio Version 17
VisualStudioVersion = 17.10.35122.118
MinimumVisualStudioVersion = 10.0.40219.1
Project("{FAE04EC0-301F-11D3-BF4B-00C04F79EFBC}") = "RedEtecAPI", "RedEtecAPI\RedEtecAPI.csproj", "{46C02395-6FF3-4810-984F-E98C28084319}"
EndProject
Global
	GlobalSection(SolutionConfigurationPlatforms) = preSolution
		Debug|Any CPU = Debug|Any CPU
		Release|Any CPU = Release|Any CPU
	EndGlobalSection
	GlobalSection(ProjectConfigurationPlatforms) = postSolution
		{46C02395-6FF3-4810-984F-E98C28084319}.Debug|Any CPU.ActiveCfg = Debug|Any CPU
		{46C02395-6FF3-4810-984F-E98C28084319}.Debug|Any CPU.Build.0 = Debug|Any CPU
		{46C02395-6FF3-4810-984F-E98C28084319}.Release|Any CPU.ActiveCfg = Release|Any CPU
		{46C02395-6FF3-4810-984F-E98C28084319}.Release|Any CPU.Build.0 = Release|Any CPU
	EndGlobalSection
	GlobalSection(SolutionProperties) = preSolution
		HideSolutionNode = FALSE
	EndGlobalSection
	GlobalSection(ExtensibilityGlobals) = postSolution
		SolutionGuid = {D7711F79-8DBA-4910-87F0-835DB6EFA29C}
	EndGlobalSection
EndGlobal
